
Microsoft Visual Studio Solution File, Format Version 12.00
# Visual Studio 14
VisualStudioVersion = 14.0.25420.1
MinimumVisualStudioVersion = 10.0.40219.1
Project("{8BC9CEB8-8B4A-11D0-8D11-00A0C91BC942}") = "Cluster", "Cluster\Cluster.vcxproj", "{85AEDA8B-B4AB-4F87-B788-4E77A313DFE8}"
EndProject
Project("{8BC9CEB8-8B4A-11D0-8D11-00A0C91BC942}") = "SyncServer", "SyncServer\SyncServer.vcxproj", "{065EAB68-67DB-4DC0-B637-515908A299A3}"
EndProject
Project("{8BC9CEB8-8B4A-11D0-8D11-00A0C91BC942}") = "Test", "Test\Test.vcxproj", "{7D573F26-ACD8-462B-A743-42EC0D9CAB36}"
EndProject
Project("{8BC9CEB8-8B4A-11D0-8D11-00A0C91BC942}") = "AsyncServer", "AsyncServer\AsyncServer.vcxproj", "{4F9307CC-DBEC-4762-BF17-E653BFC4ED91}"
EndProject
Project("{8BC9CEB8-8B4A-11D0-8D11-00A0C91BC942}") = "ThreadPool", "ThreadPool\ThreadPool.vcxproj", "{82449942-4C53-4D78-8A3F-FEEB0C7504D4}"
EndProject
Project("{8BC9CEB8-8B4A-11D0-8D11-00A0C91BC942}") = "FileSystem", "FileSystem\FileSystem.vcxproj", "{558A7BF3-6B56-4B60-88AE-4D77322ECF17}"
EndProject
Project("{888888A0-9F3D-457C-B088-3A5042F75D52}") = "PythonTest", "PythonTest\PythonTest.pyproj", "{8E741FB0-8C64-4A1A-8604-55B041AC4048}"
EndProject
Global
	GlobalSection(SolutionConfigurationPlatforms) = preSolution
		Debug|Any CPU = Debug|Any CPU
		Debug|x64 = Debug|x64
		Debug|x86 = Debug|x86
		Release|Any CPU = Release|Any CPU
		Release|x64 = Release|x64
		Release|x86 = Release|x86
	EndGlobalSection
	GlobalSection(ProjectConfigurationPlatforms) = postSolution
		{85AEDA8B-B4AB-4F87-B788-4E77A313DFE8}.Debug|Any CPU.ActiveCfg = Debug|Win32
		{85AEDA8B-B4AB-4F87-B788-4E77A313DFE8}.Debug|x64.ActiveCfg = Debug|x64
		{85AEDA8B-B4AB-4F87-B788-4E77A313DFE8}.Debug|x64.Build.0 = Debug|x64
		{85AEDA8B-B4AB-4F87-B788-4E77A313DFE8}.Debug|x86.ActiveCfg = Debug|Win32
		{85AEDA8B-B4AB-4F87-B788-4E77A313DFE8}.Debug|x86.Build.0 = Debug|Win32
		{85AEDA8B-B4AB-4F87-B788-4E77A313DFE8}.Release|Any CPU.ActiveCfg = Release|Win32
		{85AEDA8B-B4AB-4F87-B788-4E77A313DFE8}.Release|x64.ActiveCfg = Release|x64
		{85AEDA8B-B4AB-4F87-B788-4E77A313DFE8}.Release|x64.Build.0 = Release|x64
		{85AEDA8B-B4AB-4F87-B788-4E77A313DFE8}.Release|x86.ActiveCfg = Release|Win32
		{85AEDA8B-B4AB-4F87-B788-4E77A313DFE8}.Release|x86.Build.0 = Release|Win32
		{065EAB68-67DB-4DC0-B637-515908A299A3}.Debug|Any CPU.ActiveCfg = Debug|Win32
		{065EAB68-67DB-4DC0-B637-515908A299A3}.Debug|x64.ActiveCfg = Debug|x64
		{065EAB68-67DB-4DC0-B637-515908A299A3}.Debug|x64.Build.0 = Debug|x64
		{065EAB68-67DB-4DC0-B637-515908A299A3}.Debug|x86.ActiveCfg = Debug|Win32
		{065EAB68-67DB-4DC0-B637-515908A299A3}.Debug|x86.Build.0 = Debug|Win32
		{065EAB68-67DB-4DC0-B637-515908A299A3}.Release|Any CPU.ActiveCfg = Release|Win32
		{065EAB68-67DB-4DC0-B637-515908A299A3}.Release|x64.ActiveCfg = Release|x64
		{065EAB68-67DB-4DC0-B637-515908A299A3}.Release|x64.Build.0 = Release|x64
		{065EAB68-67DB-4DC0-B637-515908A299A3}.Release|x86.ActiveCfg = Release|Win32
		{065EAB68-67DB-4DC0-B637-515908A299A3}.Release|x86.Build.0 = Release|Win32
		{7D573F26-ACD8-462B-A743-42EC0D9CAB36}.Debug|Any CPU.ActiveCfg = Debug|Win32
		{7D573F26-ACD8-462B-A743-42EC0D9CAB36}.Debug|x64.ActiveCfg = Debug|x64
		{7D573F26-ACD8-462B-A743-42EC0D9CAB36}.Debug|x64.Build.0 = Debug|x64
		{7D573F26-ACD8-462B-A743-42EC0D9CAB36}.Debug|x86.ActiveCfg = Debug|Win32
		{7D573F26-ACD8-462B-A743-42EC0D9CAB36}.Debug|x86.Build.0 = Debug|Win32
		{7D573F26-ACD8-462B-A743-42EC0D9CAB36}.Release|Any CPU.ActiveCfg = Release|Win32
		{7D573F26-ACD8-462B-A743-42EC0D9CAB36}.Release|x64.ActiveCfg = Release|x64
		{7D573F26-ACD8-462B-A743-42EC0D9CAB36}.Release|x64.Build.0 = Release|x64
		{7D573F26-ACD8-462B-A743-42EC0D9CAB36}.Release|x86.ActiveCfg = Release|Win32
		{7D573F26-ACD8-462B-A743-42EC0D9CAB36}.Release|x86.Build.0 = Release|Win32
		{4F9307CC-DBEC-4762-BF17-E653BFC4ED91}.Debug|Any CPU.ActiveCfg = Debug|Win32
		{4F9307CC-DBEC-4762-BF17-E653BFC4ED91}.Debug|x64.ActiveCfg = Debug|x64
		{4F9307CC-DBEC-4762-BF17-E653BFC4ED91}.Debug|x64.Build.0 = Debug|x64
		{4F9307CC-DBEC-4762-BF17-E653BFC4ED91}.Debug|x86.ActiveCfg = Debug|Win32
		{4F9307CC-DBEC-4762-BF17-E653BFC4ED91}.Debug|x86.Build.0 = Debug|Win32
		{4F9307CC-DBEC-4762-BF17-E653BFC4ED91}.Release|Any CPU.ActiveCfg = Release|Win32
		{4F9307CC-DBEC-4762-BF17-E653BFC4ED91}.Release|x64.ActiveCfg = Release|x64
		{4F9307CC-DBEC-4762-BF17-E653BFC4ED91}.Release|x64.Build.0 = Release|x64
		{4F9307CC-DBEC-4762-BF17-E653BFC4ED91}.Release|x86.ActiveCfg = Release|Win32
		{4F9307CC-DBEC-4762-BF17-E653BFC4ED91}.Release|x86.Build.0 = Release|Win32
		{82449942-4C53-4D78-8A3F-FEEB0C7504D4}.Debug|Any CPU.ActiveCfg = Debug|Win32
		{82449942-4C53-4D78-8A3F-FEEB0C7504D4}.Debug|x64.ActiveCfg = Debug|x64
		{82449942-4C53-4D78-8A3F-FEEB0C7504D4}.Debug|x64.Build.0 = Debug|x64
		{82449942-4C53-4D78-8A3F-FEEB0C7504D4}.Debug|x86.ActiveCfg = Debug|Win32
		{82449942-4C53-4D78-8A3F-FEEB0C7504D4}.Debug|x86.Build.0 = Debug|Win32
		{82449942-4C53-4D78-8A3F-FEEB0C7504D4}.Release|Any CPU.ActiveCfg = Release|Win32
		{82449942-4C53-4D78-8A3F-FEEB0C7504D4}.Release|x64.ActiveCfg = Release|x64
		{82449942-4C53-4D78-8A3F-FEEB0C7504D4}.Release|x64.Build.0 = Release|x64
		{82449942-4C53-4D78-8A3F-FEEB0C7504D4}.Release|x86.ActiveCfg = Release|Win32
		{82449942-4C53-4D78-8A3F-FEEB0C7504D4}.Release|x86.Build.0 = Release|Win32
		{558A7BF3-6B56-4B60-88AE-4D77322ECF17}.Debug|Any CPU.ActiveCfg = Debug|Win32
		{558A7BF3-6B56-4B60-88AE-4D77322ECF17}.Debug|x64.ActiveCfg = Debug|x64
		{558A7BF3-6B56-4B60-88AE-4D77322ECF17}.Debug|x64.Build.0 = Debug|x64
		{558A7BF3-6B56-4B60-88AE-4D77322ECF17}.Debug|x86.ActiveCfg = Debug|Win32
		{558A7BF3-6B56-4B60-88AE-4D77322ECF17}.Debug|x86.Build.0 = Debug|Win32
		{558A7BF3-6B56-4B60-88AE-4D77322ECF17}.Release|Any CPU.ActiveCfg = Release|Win32
		{558A7BF3-6B56-4B60-88AE-4D77322ECF17}.Release|x64.ActiveCfg = Release|x64
		{558A7BF3-6B56-4B60-88AE-4D77322ECF17}.Release|x64.Build.0 = Release|x64
		{558A7BF3-6B56-4B60-88AE-4D77322ECF17}.Release|x86.ActiveCfg = Release|Win32
		{558A7BF3-6B56-4B60-88AE-4D77322ECF17}.Release|x86.Build.0 = Release|Win32
		{8E741FB0-8C64-4A1A-8604-55B041AC4048}.Debug|Any CPU.ActiveCfg = Debug|Any CPU
		{8E741FB0-8C64-4A1A-8604-55B041AC4048}.Debug|x64.ActiveCfg = Debug|Any CPU
		{8E741FB0-8C64-4A1A-8604-55B041AC4048}.Debug|x86.ActiveCfg = Debug|Any CPU
		{8E741FB0-8C64-4A1A-8604-55B041AC4048}.Release|Any CPU.ActiveCfg = Release|Any CPU
		{8E741FB0-8C64-4A1A-8604-55B041AC4048}.Release|x64.ActiveCfg = Release|Any CPU
		{8E741FB0-8C64-4A1A-8604-55B041AC4048}.Release|x86.ActiveCfg = Release|Any CPU
	EndGlobalSection
	GlobalSection(SolutionProperties) = preSolution
		HideSolutionNode = FALSE
	EndGlobalSection
EndGlobal
